
Microsoft Visual Studio Solution File, Format Version 12.00
# Visual Studio 15
VisualStudioVersion = 15.0.26730.12
MinimumVisualStudioVersion = 10.0.40219.1
Project("{8BC9CEB8-8B4A-11D0-8D11-00A0C91BC942}") = "SandersS_pgm4", "SandersS_pgm4\SandersS_pgm4.vcxproj", "{EE446FAD-0265-4072-B621-CA9E8D78A622}"
EndProject
Global
	GlobalSection(SolutionConfigurationPlatforms) = preSolution
		Debug|x64 = Debug|x64
		Debug|x86 = Debug|x86
		Release|x64 = Release|x64
		Release|x86 = Release|x86
	EndGlobalSection
	GlobalSection(ProjectConfigurationPlatforms) = postSolution
		{EE446FAD-0265-4072-B621-CA9E8D78A622}.Debug|x64.ActiveCfg = Debug|x64
		{EE446FAD-0265-4072-B621-CA9E8D78A622}.Debug|x64.Build.0 = Debug|x64
		{EE446FAD-0265-4072-B621-CA9E8D78A622}.Debug|x86.ActiveCfg = Debug|Win32
		{EE446FAD-0265-4072-B621-CA9E8D78A622}.Debug|x86.Build.0 = Debug|Win32
		{EE446FAD-0265-4072-B621-CA9E8D78A622}.Release|x64.ActiveCfg = Release|x64
		{EE446FAD-0265-4072-B621-CA9E8D78A622}.Release|x64.Build.0 = Release|x64
		{EE446FAD-0265-4072-B621-CA9E8D78A622}.Release|x86.ActiveCfg = Release|Win32
		{EE446FAD-0265-4072-B621-CA9E8D78A622}.Release|x86.Build.0 = Release|Win32
	EndGlobalSection
	GlobalSection(SolutionProperties) = preSolution
		HideSolutionNode = FALSE
	EndGlobalSection
	GlobalSection(ExtensibilityGlobals) = postSolution
		SolutionGuid = {5C747E8C-6AC2-4392-A268-EA515533F980}
	EndGlobalSection
EndGlobal
