
Microsoft Visual Studio Solution File, Format Version 12.00
# Visual Studio 15
VisualStudioVersion = 15.0.26730.12
MinimumVisualStudioVersion = 10.0.40219.1
Project("{8BC9CEB8-8B4A-11D0-8D11-00A0C91BC942}") = "SandersS_pgm1b", "SandersS_pgm1b\SandersS_pgm1b.vcxproj", "{5FD17D8D-772F-4636-BACE-FE8025107416}"
EndProject
Global
	GlobalSection(SolutionConfigurationPlatforms) = preSolution
		Debug|x64 = Debug|x64
		Debug|x86 = Debug|x86
		Release|x64 = Release|x64
		Release|x86 = Release|x86
	EndGlobalSection
	GlobalSection(ProjectConfigurationPlatforms) = postSolution
		{5FD17D8D-772F-4636-BACE-FE8025107416}.Debug|x64.ActiveCfg = Debug|x64
		{5FD17D8D-772F-4636-BACE-FE8025107416}.Debug|x64.Build.0 = Debug|x64
		{5FD17D8D-772F-4636-BACE-FE8025107416}.Debug|x86.ActiveCfg = Debug|Win32
		{5FD17D8D-772F-4636-BACE-FE8025107416}.Debug|x86.Build.0 = Debug|Win32
		{5FD17D8D-772F-4636-BACE-FE8025107416}.Release|x64.ActiveCfg = Release|x64
		{5FD17D8D-772F-4636-BACE-FE8025107416}.Release|x64.Build.0 = Release|x64
		{5FD17D8D-772F-4636-BACE-FE8025107416}.Release|x86.ActiveCfg = Release|Win32
		{5FD17D8D-772F-4636-BACE-FE8025107416}.Release|x86.Build.0 = Release|Win32
	EndGlobalSection
	GlobalSection(SolutionProperties) = preSolution
		HideSolutionNode = FALSE
	EndGlobalSection
	GlobalSection(ExtensibilityGlobals) = postSolution
		SolutionGuid = {5C3B4EA5-80B2-4295-903D-9CF376FDEFE1}
	EndGlobalSection
EndGlobal
