
Microsoft Visual Studio Solution File, Format Version 12.00
# Visual Studio Version 16
VisualStudioVersion = 16.0.30907.101
MinimumVisualStudioVersion = 10.0.40219.1
Project("{FAE04EC0-301F-11D3-BF4B-00C04F79EFBC}") = "Sanders_assignment_4", "Sanders_assignment_4.csproj", "{3B045AB0-8A4E-4DFC-9263-C554B31C491B}"
EndProject
Global
	GlobalSection(SolutionConfigurationPlatforms) = preSolution
		Debug|Any CPU = Debug|Any CPU
		Release|Any CPU = Release|Any CPU
	EndGlobalSection
	GlobalSection(ProjectConfigurationPlatforms) = postSolution
		{3B045AB0-8A4E-4DFC-9263-C554B31C491B}.Debug|Any CPU.ActiveCfg = Debug|Any CPU
		{3B045AB0-8A4E-4DFC-9263-C554B31C491B}.Debug|Any CPU.Build.0 = Debug|Any CPU
		{3B045AB0-8A4E-4DFC-9263-C554B31C491B}.Release|Any CPU.ActiveCfg = Release|Any CPU
		{3B045AB0-8A4E-4DFC-9263-C554B31C491B}.Release|Any CPU.Build.0 = Release|Any CPU
	EndGlobalSection
	GlobalSection(SolutionProperties) = preSolution
		HideSolutionNode = FALSE
	EndGlobalSection
	GlobalSection(ExtensibilityGlobals) = postSolution
		SolutionGuid = {FF186ACE-289F-4538-AE5F-0F2C2E432F11}
	EndGlobalSection
EndGlobal
