
Microsoft Visual Studio Solution File, Format Version 12.00
# Visual Studio 15
VisualStudioVersion = 15.0.26730.12
MinimumVisualStudioVersion = 10.0.40219.1
Project("{F184B08F-C81C-45F6-A57F-5ABD9991F28F}") = "SandersS_Lab4B", "SandersS_Lab4B\SandersS_Lab4B.vbproj", "{A963A698-E862-4500-B288-495F70289975}"
EndProject
Global
	GlobalSection(SolutionConfigurationPlatforms) = preSolution
		Debug|Any CPU = Debug|Any CPU
		Release|Any CPU = Release|Any CPU
	EndGlobalSection
	GlobalSection(ProjectConfigurationPlatforms) = postSolution
		{A963A698-E862-4500-B288-495F70289975}.Debug|Any CPU.ActiveCfg = Debug|Any CPU
		{A963A698-E862-4500-B288-495F70289975}.Debug|Any CPU.Build.0 = Debug|Any CPU
		{A963A698-E862-4500-B288-495F70289975}.Release|Any CPU.ActiveCfg = Release|Any CPU
		{A963A698-E862-4500-B288-495F70289975}.Release|Any CPU.Build.0 = Release|Any CPU
	EndGlobalSection
	GlobalSection(SolutionProperties) = preSolution
		HideSolutionNode = FALSE
	EndGlobalSection
	GlobalSection(ExtensibilityGlobals) = postSolution
		SolutionGuid = {911F42D2-F96C-463A-9C08-33C76CD145BB}
	EndGlobalSection
EndGlobal
