
Microsoft Visual Studio Solution File, Format Version 12.00
# Visual Studio Version 16
VisualStudioVersion = 16.0.30907.101
MinimumVisualStudioVersion = 10.0.40219.1
Project("{FAE04EC0-301F-11D3-BF4B-00C04F79EFBC}") = "in-class3bonus", "in-class3bonus.csproj", "{7058573F-3AA0-4561-ACA8-565344AC1768}"
EndProject
Global
	GlobalSection(SolutionConfigurationPlatforms) = preSolution
		Debug|Any CPU = Debug|Any CPU
		Release|Any CPU = Release|Any CPU
	EndGlobalSection
	GlobalSection(ProjectConfigurationPlatforms) = postSolution
		{7058573F-3AA0-4561-ACA8-565344AC1768}.Debug|Any CPU.ActiveCfg = Debug|Any CPU
		{7058573F-3AA0-4561-ACA8-565344AC1768}.Debug|Any CPU.Build.0 = Debug|Any CPU
		{7058573F-3AA0-4561-ACA8-565344AC1768}.Release|Any CPU.ActiveCfg = Release|Any CPU
		{7058573F-3AA0-4561-ACA8-565344AC1768}.Release|Any CPU.Build.0 = Release|Any CPU
	EndGlobalSection
	GlobalSection(SolutionProperties) = preSolution
		HideSolutionNode = FALSE
	EndGlobalSection
	GlobalSection(ExtensibilityGlobals) = postSolution
		SolutionGuid = {9386B89F-36E8-4852-A6B4-C2C7F6C5F43F}
	EndGlobalSection
EndGlobal
