
Microsoft Visual Studio Solution File, Format Version 12.00
# Visual Studio Version 16
VisualStudioVersion = 16.0.29709.97
MinimumVisualStudioVersion = 10.0.40219.1
Project("{FAE04EC0-301F-11D3-BF4B-00C04F79EFBC}") = "FirstApp", "FirstApp.csproj", "{20C23A82-92A8-4FA6-9B7B-B5925B4EE864}"
EndProject
Global
	GlobalSection(SolutionConfigurationPlatforms) = preSolution
		Debug|Any CPU = Debug|Any CPU
		Release|Any CPU = Release|Any CPU
	EndGlobalSection
	GlobalSection(ProjectConfigurationPlatforms) = postSolution
		{20C23A82-92A8-4FA6-9B7B-B5925B4EE864}.Debug|Any CPU.ActiveCfg = Debug|Any CPU
		{20C23A82-92A8-4FA6-9B7B-B5925B4EE864}.Debug|Any CPU.Build.0 = Debug|Any CPU
		{20C23A82-92A8-4FA6-9B7B-B5925B4EE864}.Release|Any CPU.ActiveCfg = Release|Any CPU
		{20C23A82-92A8-4FA6-9B7B-B5925B4EE864}.Release|Any CPU.Build.0 = Release|Any CPU
	EndGlobalSection
	GlobalSection(SolutionProperties) = preSolution
		HideSolutionNode = FALSE
	EndGlobalSection
	GlobalSection(ExtensibilityGlobals) = postSolution
		SolutionGuid = {192D55DD-2B85-49FB-BC73-163431142F53}
	EndGlobalSection
EndGlobal
