
Microsoft Visual Studio Solution File, Format Version 12.00
# Visual Studio 15
VisualStudioVersion = 15.0.26730.12
MinimumVisualStudioVersion = 10.0.40219.1
Project("{8BC9CEB8-8B4A-11D0-8D11-00A0C91BC942}") = "SandersS_pgm5", "SandersS_pgm5\SandersS_pgm5.vcxproj", "{55BA1D33-36D5-4FEE-9C3B-9620E0FD71ED}"
EndProject
Global
	GlobalSection(SolutionConfigurationPlatforms) = preSolution
		Debug|x64 = Debug|x64
		Debug|x86 = Debug|x86
		Release|x64 = Release|x64
		Release|x86 = Release|x86
	EndGlobalSection
	GlobalSection(ProjectConfigurationPlatforms) = postSolution
		{55BA1D33-36D5-4FEE-9C3B-9620E0FD71ED}.Debug|x64.ActiveCfg = Debug|x64
		{55BA1D33-36D5-4FEE-9C3B-9620E0FD71ED}.Debug|x64.Build.0 = Debug|x64
		{55BA1D33-36D5-4FEE-9C3B-9620E0FD71ED}.Debug|x86.ActiveCfg = Debug|Win32
		{55BA1D33-36D5-4FEE-9C3B-9620E0FD71ED}.Debug|x86.Build.0 = Debug|Win32
		{55BA1D33-36D5-4FEE-9C3B-9620E0FD71ED}.Release|x64.ActiveCfg = Release|x64
		{55BA1D33-36D5-4FEE-9C3B-9620E0FD71ED}.Release|x64.Build.0 = Release|x64
		{55BA1D33-36D5-4FEE-9C3B-9620E0FD71ED}.Release|x86.ActiveCfg = Release|Win32
		{55BA1D33-36D5-4FEE-9C3B-9620E0FD71ED}.Release|x86.Build.0 = Release|Win32
	EndGlobalSection
	GlobalSection(SolutionProperties) = preSolution
		HideSolutionNode = FALSE
	EndGlobalSection
	GlobalSection(ExtensibilityGlobals) = postSolution
		SolutionGuid = {99F5D47E-9B16-42CC-B47C-D3F6A9E784C3}
	EndGlobalSection
EndGlobal
