
Microsoft Visual Studio Solution File, Format Version 12.00
# Visual Studio 15
VisualStudioVersion = 15.0.26730.12
MinimumVisualStudioVersion = 10.0.40219.1
Project("{8BC9CEB8-8B4A-11D0-8D11-00A0C91BC942}") = "SandersSandoval", "SandersSandoval\SandersSandoval.vcxproj", "{0176A065-2771-4C8C-9D16-62489B9A6482}"
EndProject
Global
	GlobalSection(SolutionConfigurationPlatforms) = preSolution
		Debug|x64 = Debug|x64
		Debug|x86 = Debug|x86
		Release|x64 = Release|x64
		Release|x86 = Release|x86
	EndGlobalSection
	GlobalSection(ProjectConfigurationPlatforms) = postSolution
		{0176A065-2771-4C8C-9D16-62489B9A6482}.Debug|x64.ActiveCfg = Debug|x64
		{0176A065-2771-4C8C-9D16-62489B9A6482}.Debug|x64.Build.0 = Debug|x64
		{0176A065-2771-4C8C-9D16-62489B9A6482}.Debug|x86.ActiveCfg = Debug|Win32
		{0176A065-2771-4C8C-9D16-62489B9A6482}.Debug|x86.Build.0 = Debug|Win32
		{0176A065-2771-4C8C-9D16-62489B9A6482}.Release|x64.ActiveCfg = Release|x64
		{0176A065-2771-4C8C-9D16-62489B9A6482}.Release|x64.Build.0 = Release|x64
		{0176A065-2771-4C8C-9D16-62489B9A6482}.Release|x86.ActiveCfg = Release|Win32
		{0176A065-2771-4C8C-9D16-62489B9A6482}.Release|x86.Build.0 = Release|Win32
	EndGlobalSection
	GlobalSection(SolutionProperties) = preSolution
		HideSolutionNode = FALSE
	EndGlobalSection
	GlobalSection(ExtensibilityGlobals) = postSolution
		SolutionGuid = {5FDD3E2D-48FE-4423-BECD-996C5E1AD940}
	EndGlobalSection
EndGlobal
