
Microsoft Visual Studio Solution File, Format Version 12.00
# Visual Studio 15
VisualStudioVersion = 15.0.26430.12
MinimumVisualStudioVersion = 10.0.40219.1
Project("{F184B08F-C81C-45F6-A57F-5ABD9991F28F}") = "SandersS_Lab2A", "SandersS_Lab2A\SandersS_Lab2A.vbproj", "{D4B5FE89-7036-4BD9-B8FB-A9770B89D24D}"
EndProject
Global
	GlobalSection(SolutionConfigurationPlatforms) = preSolution
		Debug|Any CPU = Debug|Any CPU
		Release|Any CPU = Release|Any CPU
	EndGlobalSection
	GlobalSection(ProjectConfigurationPlatforms) = postSolution
		{D4B5FE89-7036-4BD9-B8FB-A9770B89D24D}.Debug|Any CPU.ActiveCfg = Debug|Any CPU
		{D4B5FE89-7036-4BD9-B8FB-A9770B89D24D}.Debug|Any CPU.Build.0 = Debug|Any CPU
		{D4B5FE89-7036-4BD9-B8FB-A9770B89D24D}.Release|Any CPU.ActiveCfg = Release|Any CPU
		{D4B5FE89-7036-4BD9-B8FB-A9770B89D24D}.Release|Any CPU.Build.0 = Release|Any CPU
	EndGlobalSection
	GlobalSection(SolutionProperties) = preSolution
		HideSolutionNode = FALSE
	EndGlobalSection
EndGlobal
