
Microsoft Visual Studio Solution File, Format Version 12.00
# Visual Studio 15
VisualStudioVersion = 15.0.26730.12
MinimumVisualStudioVersion = 10.0.40219.1
Project("{8BC9CEB8-8B4A-11D0-8D11-00A0C91BC942}") = "prog2.cpp", "prog2.cpp\prog2.cpp.vcxproj", "{7E409357-5F5B-4167-8F8B-FDF646981863}"
EndProject
Global
	GlobalSection(SolutionConfigurationPlatforms) = preSolution
		Debug|x64 = Debug|x64
		Debug|x86 = Debug|x86
		Release|x64 = Release|x64
		Release|x86 = Release|x86
	EndGlobalSection
	GlobalSection(ProjectConfigurationPlatforms) = postSolution
		{7E409357-5F5B-4167-8F8B-FDF646981863}.Debug|x64.ActiveCfg = Debug|x64
		{7E409357-5F5B-4167-8F8B-FDF646981863}.Debug|x64.Build.0 = Debug|x64
		{7E409357-5F5B-4167-8F8B-FDF646981863}.Debug|x86.ActiveCfg = Debug|Win32
		{7E409357-5F5B-4167-8F8B-FDF646981863}.Debug|x86.Build.0 = Debug|Win32
		{7E409357-5F5B-4167-8F8B-FDF646981863}.Release|x64.ActiveCfg = Release|x64
		{7E409357-5F5B-4167-8F8B-FDF646981863}.Release|x64.Build.0 = Release|x64
		{7E409357-5F5B-4167-8F8B-FDF646981863}.Release|x86.ActiveCfg = Release|Win32
		{7E409357-5F5B-4167-8F8B-FDF646981863}.Release|x86.Build.0 = Release|Win32
	EndGlobalSection
	GlobalSection(SolutionProperties) = preSolution
		HideSolutionNode = FALSE
	EndGlobalSection
	GlobalSection(ExtensibilityGlobals) = postSolution
		SolutionGuid = {F62C48D4-21D9-4B6B-9089-CA97080045DE}
	EndGlobalSection
EndGlobal
