Microsoft Visual Studio Solution File, Format Version 8.00
Project("{FAE04EC0-301F-11D3-BF4B-00C04F79EFBC}") = "DrawShapes", "DrawShapes.csproj", "{14639426-1C09-4636-8084-673246709AF4}"
	ProjectSection(ProjectDependencies) = postProject
	EndProjectSection
EndProject
Global
	GlobalSection(SolutionConfiguration) = preSolution
		Debug = Debug
		Release = Release
	EndGlobalSection
	GlobalSection(ProjectConfiguration) = postSolution
		{14639426-1C09-4636-8084-673246709AF4}.Debug.ActiveCfg = Debug|.NET
		{14639426-1C09-4636-8084-673246709AF4}.Debug.Build.0 = Debug|.NET
		{14639426-1C09-4636-8084-673246709AF4}.Release.ActiveCfg = Release|.NET
		{14639426-1C09-4636-8084-673246709AF4}.Release.Build.0 = Release|.NET
	EndGlobalSection
	GlobalSection(ExtensibilityGlobals) = postSolution
	EndGlobalSection
	GlobalSection(ExtensibilityAddIns) = postSolution
	EndGlobalSection
EndGlobal
